
Microsoft Visual Studio Solution File, Format Version 12.00
# Visual Studio Version 16
VisualStudioVersion = 16.0.30804.86
MinimumVisualStudioVersion = 10.0.40219.1
Project("{FAE04EC0-301F-11D3-BF4B-00C04F79EFBC}") = "AtMega328pEmu", "AtMega328pEmu\AtMega328pEmu.csproj", "{FA202E05-8676-4C7F-A6B5-7AAC294E1401}"
EndProject
Global
	GlobalSection(SolutionConfigurationPlatforms) = preSolution
		Debug|Any CPU = Debug|Any CPU
		Release|Any CPU = Release|Any CPU
	EndGlobalSection
	GlobalSection(ProjectConfigurationPlatforms) = postSolution
		{FA202E05-8676-4C7F-A6B5-7AAC294E1401}.Debug|Any CPU.ActiveCfg = Debug|Any CPU
		{FA202E05-8676-4C7F-A6B5-7AAC294E1401}.Debug|Any CPU.Build.0 = Debug|Any CPU
		{FA202E05-8676-4C7F-A6B5-7AAC294E1401}.Release|Any CPU.ActiveCfg = Release|Any CPU
		{FA202E05-8676-4C7F-A6B5-7AAC294E1401}.Release|Any CPU.Build.0 = Release|Any CPU
	EndGlobalSection
	GlobalSection(SolutionProperties) = preSolution
		HideSolutionNode = FALSE
	EndGlobalSection
	GlobalSection(ExtensibilityGlobals) = postSolution
		SolutionGuid = {A3D05E2B-5E4A-47EB-8C35-B49C437A1292}
	EndGlobalSection
EndGlobal
